# This file is automatically @generated by Cargo.
# It is not intended for manual editing.
[[package]]
name = "autocfg"
version = "1.0.1"
source = "registry+https://github.com/rust-lang/crates.io-index"
checksum = "cdb031dd78e28731d87d56cc8ffef4a8f36ca26c38fe2de700543e627f8a464a"

[[package]]
name = "bitflags"
version = "0.7.0"
source = "registry+https://github.com/rust-lang/crates.io-index"
checksum = "aad18937a628ec6abcd26d1489012cc0e18c21798210f491af69ded9b881106d"

[[package]]
name = "cc"
version = "1.0.61"
source = "registry+https://github.com/rust-lang/crates.io-index"
checksum = "ed67cbde08356238e75fc4656be4749481eeffb09e19f320a25237d5221c985d"

[[package]]
name = "fastfile"
version = "0.1.0"
dependencies = [
 "serde",
 "serde_derive",
 "ssh2",
 "toml",
]

[[package]]
name = "libc"
version = "0.2.79"
source = "registry+https://github.com/rust-lang/crates.io-index"
checksum = "2448f6066e80e3bfc792e9c98bf705b4b0fc6e8ef5b43e5889aff0eaa9c58743"

[[package]]
name = "libssh2-sys"
version = "0.2.19"
source = "registry+https://github.com/rust-lang/crates.io-index"
checksum = "ca46220853ba1c512fc82826d0834d87b06bcd3c2a42241b7de72f3d2fe17056"
dependencies = [
 "cc",
 "libc",
 "libz-sys",
 "openssl-sys",
 "pkg-config",
 "vcpkg",
]

[[package]]
name = "libz-sys"
version = "1.1.2"
source = "registry+https://github.com/rust-lang/crates.io-index"
checksum = "602113192b08db8f38796c4e85c39e960c145965140e918018bcde1952429655"
dependencies = [
 "cc",
 "libc",
 "pkg-config",
 "vcpkg",
]

[[package]]
name = "openssl-sys"
version = "0.9.58"
source = "registry+https://github.com/rust-lang/crates.io-index"
checksum = "a842db4709b604f0fe5d1170ae3565899be2ad3d9cbc72dedc789ac0511f78de"
dependencies = [
 "autocfg",
 "cc",
 "libc",
 "pkg-config",
 "vcpkg",
]

[[package]]
name = "pkg-config"
version = "0.3.19"
source = "registry+https://github.com/rust-lang/crates.io-index"
checksum = "3831453b3449ceb48b6d9c7ad7c96d5ea673e9b470a1dc578c2ce6521230884c"

[[package]]
name = "proc-macro2"
version = "1.0.24"
source = "registry+https://github.com/rust-lang/crates.io-index"
checksum = "1e0704ee1a7e00d7bb417d0770ea303c1bccbabf0ef1667dae92b5967f5f8a71"
dependencies = [
 "unicode-xid",
]

[[package]]
name = "quote"
version = "1.0.7"
source = "registry+https://github.com/rust-lang/crates.io-index"
checksum = "aa563d17ecb180e500da1cfd2b028310ac758de548efdd203e18f283af693f37"
dependencies = [
 "proc-macro2",
]

[[package]]
name = "serde"
version = "1.0.117"
source = "registry+https://github.com/rust-lang/crates.io-index"
checksum = "b88fa983de7720629c9387e9f517353ed404164b1e482c970a90c1a4aaf7dc1a"

[[package]]
name = "serde_derive"
version = "1.0.117"
source = "registry+https://github.com/rust-lang/crates.io-index"
checksum = "cbd1ae72adb44aab48f325a02444a5fc079349a8d804c1fc922aed3f7454c74e"
dependencies = [
 "proc-macro2",
 "quote",
 "syn",
]

[[package]]
name = "ssh2"
version = "0.3.3"
source = "registry+https://github.com/rust-lang/crates.io-index"
checksum = "dee822d619a700f98c4de3b5931f272ecc7cf2e924ceb2df47b61df4ae033a0c"
dependencies = [
 "bitflags",
 "libc",
 "libssh2-sys",
]

[[package]]
name = "syn"
version = "1.0.45"
source = "registry+https://github.com/rust-lang/crates.io-index"
checksum = "ea9c5432ff16d6152371f808fb5a871cd67368171b09bb21b43df8e4a47a3556"
dependencies = [
 "proc-macro2",
 "quote",
 "unicode-xid",
]

[[package]]
name = "toml"
version = "0.5.7"
source = "registry+https://github.com/rust-lang/crates.io-index"
checksum = "75cf45bb0bef80604d001caaec0d09da99611b3c0fd39d3080468875cdb65645"
dependencies = [
 "serde",
]

[[package]]
name = "unicode-xid"
version = "0.2.1"
source = "registry+https://github.com/rust-lang/crates.io-index"
checksum = "f7fe0bb3479651439c9112f72b6c505038574c9fbb575ed1bf3b797fa39dd564"

[[package]]
name = "vcpkg"
version = "0.2.10"
source = "registry+https://github.com/rust-lang/crates.io-index"
checksum = "6454029bf181f092ad1b853286f23e2c507d8e8194d01d92da4a55c274a5508c"
